// !$*UTF8*$!
{
	archiveVersion = 1;
	classes = {
	};
	objectVersion = 50;
	objects = {

/* Begin PBXBuildFile section */
		85B8DDC922BFBECA001B6379 /* AppDelegate.swift in Sources */ = {isa = PBXBuildFile; fileRef = 85B8DDC822BFBECA001B6379 /* AppDelegate.swift */; };
		85B8DDCB22BFBECA001B6379 /* ViewController.swift in Sources */ = {isa = PBXBuildFile; fileRef = 85B8DDCA22BFBECA001B6379 /* ViewController.swift */; };
		85B8DDCE22BFBECA001B6379 /* Main.storyboard in Resources */ = {isa = PBXBuildFile; fileRef = 85B8DDCC22BFBECA001B6379 /* Main.storyboard */; };
		85B8DDD022BFBECB001B6379 /* Assets.xcassets in Resources */ = {isa = PBXBuildFile; fileRef = 85B8DDCF22BFBECB001B6379 /* Assets.xcassets */; };
		85B8DDD322BFBECB001B6379 /* LaunchScreen.storyboard in Resources */ = {isa = PBXBuildFile; fileRef = 85B8DDD122BFBECB001B6379 /* LaunchScreen.storyboard */; };
		85B8DDDB22BFC287001B6379 /* ResultViewController.swift in Sources */ = {isa = PBXBuildFile; fileRef = 85B8DDDA22BFC287001B6379 /* ResultViewController.swift */; };
/* End PBXBuildFile section */

/* Begin PBXFileReference section */
		85B8DDC522BFBECA001B6379 /* SecondKadaiApp.app */ = {isa = PBXFileReference; explicitFileType = wrapper.application; includeInIndex = 0; path = SecondKadaiApp.app; sourceTree = BUILT_PRODUCTS_DIR; };
		85B8DDC822BFBECA001B6379 /* AppDelegate.swift */ = {isa = PBXFileReference; lastKnownFileType = sourcecode.swift; path = AppDelegate.swift; sourceTree = "<group>"; };
		85B8DDCA22BFBECA001B6379 /* ViewController.swift */ = {isa = PBXFileReference; lastKnownFileType = sourcecode.swift; path = ViewController.swift; sourceTree = "<group>"; };
		85B8DDCD22BFBECA001B6379 /* Base */ = {isa = PBXFileReference; lastKnownFileType = file.storyboard; name = Base; path = Base.lproj/Main.storyboard; sourceTree = "<group>"; };
		85B8DDCF22BFBECB001B6379 /* Assets.xcassets */ = {isa = PBXFileReference; lastKnownFileType = folder.assetcatalog; path = Assets.xcassets; sourceTree = "<group>"; };
		85B8DDD222BFBECB001B6379 /* Base */ = {isa = PBXFileReference; lastKnownFileType = file.storyboard; name = Base; path = Base.lproj/LaunchScreen.storyboard; sourceTree = "<group>"; };
		85B8DDD422BFBECB001B6379 /* Info.plist */ = {isa = PBXFileReference; lastKnownFileType = text.plist.xml; path = Info.plist; sourceTree = "<group>"; };
		85B8DDDA22BFC287001B6379 /* ResultViewController.swift */ = {isa = PBXFileReference; lastKnownFileType = sourcecode.swift; path = ResultViewController.swift; sourceTree = "<group>"; };
/* End PBXFileReference section */

/* Begin PBXFrameworksBuildPhase section */
		85B8DDC222BFBECA001B6379 /* Frameworks */ = {
			isa = PBXFrameworksBuildPhase;
			buildActionMask = 2147483647;
			files = (
			);
			runOnlyForDeploymentPostprocessing = 0;
		};
/* End PBXFrameworksBuildPhase section */

/* Begin PBXGroup section */
		85B8DDBC22BFBECA001B6379 = {
			isa = PBXGroup;
			children = (
				85B8DDC722BFBECA001B6379 /* SecondKadaiApp */,
				85B8DDC622BFBECA001B6379 /* Products */,
			);
			sourceTree = "<group>";
		};
		85B8DDC622BFBECA001B6379 /* Products */ = {
			isa = PBXGroup;
			children = (
				85B8DDC522BFBECA001B6379 /* SecondKadaiApp.app */,
			);
			name = Products;
			sourceTree = "<group>";
		};
		85B8DDC722BFBECA001B6379 /* SecondKadaiApp */ = {
			isa = PBXGroup;
			children = (
				85B8DDC822BFBECA001B6379 /* AppDelegate.swift */,
				85B8DDCA22BFBECA001B6379 /* ViewController.swift */,
				85B8DDCC22BFBECA001B6379 /* Main.storyboard */,
				85B8DDCF22BFBECB001B6379 /* Assets.xcassets */,
				85B8DDD122BFBECB001B6379 /* LaunchScreen.storyboard */,
				85B8DDD422BFBECB001B6379 /* Info.plist */,
				85B8DDDA22BFC287001B6379 /* ResultViewController.swift */,
			);
			path = SecondKadaiApp;
			sourceTree = "<group>";
		};
/* End PBXGroup section */

/* Begin PBXNativeTarget section */
		85B8DDC422BFBECA001B6379 /* SecondKadaiApp */ = {
			isa = PBXNativeTarget;
			buildConfigurationList = 85B8DDD722BFBECB001B6379 /* Build configuration list for PBXNativeTarget "SecondKadaiApp" */;
			buildPhases = (
				85B8DDC122BFBECA001B6379 /* Sources */,
				85B8DDC222BFBECA001B6379 /* Frameworks */,
				85B8DDC322BFBECA001B6379 /* Resources */,
			);
			buildRules = (
			);
			dependencies = (
			);
			name = SecondKadaiApp;
			productName = SecondKadaiApp;
			productReference = 85B8DDC522BFBECA001B6379 /* SecondKadaiApp.app */;
			productType = "com.apple.product-type.application";
		};
/* End PBXNativeTarget section */

/* Begin PBXProject section */
		85B8DDBD22BFBECA001B6379 /* Project object */ = {
			isa = PBXProject;
			attributes = {
				LastSwiftUpdateCheck = 1010;
				LastUpgradeCheck = 1010;
				ORGANIZATIONNAME = "小川諒";
				TargetAttributes = {
					85B8DDC422BFBECA001B6379 = {
						CreatedOnToolsVersion = 10.1;
					};
				};
			};
			buildConfigurationList = 85B8DDC022BFBECA001B6379 /* Build configuration list for PBXProject "SecondKadaiApp" */;
			compatibilityVersion = "Xcode 9.3";
			developmentRegion = en;
			hasScannedForEncodings = 0;
			knownRegions = (
				en,
				Base,
			);
			mainGroup = 85B8DDBC22BFBECA001B6379;
			productRefGroup = 85B8DDC622BFBECA001B6379 /* Products */;
			projectDirPath = "";
			projectRoot = "";
			targets = (
				85B8DDC422BFBECA001B6379 /* SecondKadaiApp */,
			);
		};
/* End PBXProject section */

/* Begin PBXResourcesBuildPhase section */
		85B8DDC322BFBECA001B6379 /* Resources */ = {
			isa = PBXResourcesBuildPhase;
			buildActionMask = 2147483647;
			files = (
				85B8DDD322BFBECB001B6379 /* LaunchScreen.storyboard in Resources */,
				85B8DDD022BFBECB001B6379 /* Assets.xcassets in Resources */,
				85B8DDCE22BFBECA001B6379 /* Main.storyboard in Resources */,
			);
			runOnlyForDeploymentPostprocessing = 0;
		};
/* End PBXResourcesBuildPhase section */

/* Begin PBXSourcesBuildPhase section */
		85B8DDC122BFBECA001B6379 /* Sources */ = {
			isa = PBXSourcesBuildPhase;
			buildActionMask = 2147483647;
			files = (
				85B8DDCB22BFBECA001B6379 /* ViewController.swift in Sources */,
				85B8DDC922BFBECA001B6379 /* AppDelegate.swift in Sources */,
				85B8DDDB22BFC287001B6379 /* ResultViewController.swift in Sources */,
			);
			runOnlyForDeploymentPostprocessing = 0;
		};
/* End PBXSourcesBuildPhase section */

/* Begin PBXVariantGroup section */
		85B8DDCC22BFBECA001B6379 /* Main.storyboard */ = {
			isa = PBXVariantGroup;
			children = (
				85B8DDCD22BFBECA001B6379 /* Base */,
			);
			name = Main.storyboard;
			sourceTree = "<group>";
		};
		85B8DDD122BFBECB001B6379 /* LaunchScreen.storyboard */ = {
			isa = PBXVariantGroup;
			children = (
				85B8DDD222BFBECB001B6379 /* Base */,
			);
			name = LaunchScreen.storyboard;
			sourceTree = "<group>";
		};
/* End PBXVariantGroup section */

/* Begin XCBuildConfiguration section */
		85B8DDD522BFBECB001B6379 /* Debug */ = {
			isa = XCBuildConfiguration;
			buildSettings = {
				ALWAYS_SEARCH_USER_PATHS = NO;
				CLANG_ANALYZER_NONNULL = YES;
				CLANG_ANALYZER_NUMBER_OBJECT_CONVERSION = YES_AGGRESSIVE;
				CLANG_CXX_LANGUAGE_STANDARD = "gnu++14";
				CLANG_CXX_LIBRARY = "libc++";
				CLANG_ENABLE_MODULES = YES;
				CLANG_ENABLE_OBJC_ARC = YES;
				CLANG_ENABLE_OBJC_WEAK = YES;
				CLANG_WARN_BLOCK_CAPTURE_AUTORELEASING = YES;
				CLANG_WARN_BOOL_CONVERSION = YES;
				CLANG_WARN_COMMA = YES;
				CLANG_WARN_CONSTANT_CONVERSION = YES;
				CLANG_WARN_DEPRECATED_OBJC_IMPLEMENTATIONS = YES;
				CLANG_WARN_DIRECT_OBJC_ISA_USAGE = YES_ERROR;
				CLANG_WARN_DOCUMENTATION_COMMENTS = YES;
				CLANG_WARN_EMPTY_BODY = YES;
				CLANG_WARN_ENUM_CONVERSION = YES;
				CLANG_WARN_INFINITE_RECURSION = YES;
				CLANG_WARN_INT_CONVERSION = YES;
				CLANG_WARN_NON_LITERAL_NULL_CONVERSION = YES;
				CLANG_WARN_OBJC_IMPLICIT_RETAIN_SELF = YES;
				CLANG_WARN_OBJC_LITERAL_CONVERSION = YES;
				CLANG_WARN_OBJC_ROOT_CLASS = YES_ERROR;
				CLANG_WARN_RANGE_LOOP_ANALYSIS = YES;
				CLANG_WARN_STRICT_PROTOTYPES = YES;
				CLANG_WARN_SUSPICIOUS_MOVE = YES;
				CLANG_WARN_UNGUARDED_AVAILABILITY = YES_AGGRESSIVE;
				CLANG_WARN_UNREACHABLE_CODE = YES;
				CLANG_WARN__DUPLICATE_METHOD_MATCH = YES;
				CODE_SIGN_IDENTITY = "iPhone Developer";
				COPY_PHASE_STRIP = NO;
				DEBUG_INFORMATION_FORMAT = dwarf;
				ENABLE_STRICT_OBJC_MSGSEND = YES;
				ENABLE_TESTABILITY = YES;
				GCC_C_LANGUAGE_STANDARD = gnu11;
				GCC_DYNAMIC_NO_PIC = NO;
				GCC_NO_COMMON_BLOCKS = YES;
				GCC_OPTIMIZATION_LEVEL = 0;
				GCC_PREPROCESSOR_DEFINITIONS = (
					"DEBUG=1",
					"$(inherited)",
				);
				GCC_WARN_64_TO_32_BIT_CONVERSION = YES;
				GCC_WARN_ABOUT_RETURN_TYPE = YES_ERROR;
				GCC_WARN_UNDECLARED_SELECTOR = YES;
				GCC_WARN_UNINITIALIZED_AUTOS = YES_AGGRESSIVE;
				GCC_WARN_UNUSED_FUNCTION = YES;
				GCC_WARN_UNUSED_VARIABLE = YES;
				IPHONEOS_DEPLOYMENT_TARGET = 12.1;
				MTL_ENABLE_DEBUG_INFO = INCLUDE_SOURCE;
				MTL_FAST_MATH = YES;
				ONLY_ACTIVE_ARCH = YES;
				SDKROOT = iphoneos;
				SWIFT_ACTIVE_COMPILATION_CONDITIONS = DEBUG;
				SWIFT_OPTIMIZATION_LEVEL = "-Onone";
			};
			name = Debug;
		};
		85B8DDD622BFBECB001B6379 /* Release */ = {
			isa = XCBuildConfiguration;
			buildSettings = {
				ALWAYS_SEARCH_USER_PATHS = NO;
				CLANG_ANALYZER_NONNULL = YES;
				CLANG_ANALYZER_NUMBER_OBJECT_CONVERSION = YES_AGGRESSIVE;
				CLANG_CXX_LANGUAGE_STANDARD = "gnu++14";
				CLANG_CXX_LIBRARY = "libc++";
				CLANG_ENABLE_MODULES = YES;
				CLANG_ENABLE_OBJC_ARC = YES;
				CLANG_ENABLE_OBJC_WEAK = YES;
				CLANG_WARN_BLOCK_CAPTURE_AUTORELEASING = YES;
				CLANG_WARN_BOOL_CONVERSION = YES;
				CLANG_WARN_COMMA = YES;
				CLANG_WARN_CONSTANT_CONVERSION = YES;
				CLANG_WARN_DEPRECATED_OBJC_IMPLEMENTATIONS = YES;
				CLANG_WARN_DIRECT_OBJC_ISA_USAGE = YES_ERROR;
				CLANG_WARN_DOCUMENTATION_COMMENTS = YES;
				CLANG_WARN_EMPTY_BODY = YES;
				CLANG_WARN_ENUM_CONVERSION = YES;
				CLANG_WARN_INFINITE_RECURSION = YES;
				CLANG_WARN_INT_CONVERSION = YES;
				CLANG_WARN_NON_LITERAL_NULL_CONVERSION = YES;
				CLANG_WARN_OBJC_IMPLICIT_RETAIN_SELF = YES;
				CLANG_WARN_OBJC_LITERAL_CONVERSION = YES;
				CLANG_WARN_OBJC_ROOT_CLASS = YES_ERROR;
				CLANG_WARN_RANGE_LOOP_ANALYSIS = YES;
				CLANG_WARN_STRICT_PROTOTYPES = YES;
				CLANG_WARN_SUSPICIOUS_MOVE = YES;
				CLANG_WARN_UNGUARDED_AVAILABILITY = YES_AGGRESSIVE;
				CLANG_WARN_UNREACHABLE_CODE = YES;
				CLANG_WARN__DUPLICATE_METHOD_MATCH = YES;
				CODE_SIGN_IDENTITY = "iPhone Developer";
				COPY_PHASE_STRIP = NO;
				DEBUG_INFORMATION_FORMAT = "dwarf-with-dsym";
				ENABLE_NS_ASSERTIONS = NO;
				ENABLE_STRICT_OBJC_MSGSEND = YES;
				GCC_C_LANGUAGE_STANDARD = gnu11;
				GCC_NO_COMMON_BLOCKS = YES;
				GCC_WARN_64_TO_32_BIT_CONVERSION = YES;
				GCC_WARN_ABOUT_RETURN_TYPE = YES_ERROR;
				GCC_WARN_UNDECLARED_SELECTOR = YES;
				GCC_WARN_UNINITIALIZED_AUTOS = YES_AGGRESSIVE;
				GCC_WARN_UNUSED_FUNCTION = YES;
				GCC_WARN_UNUSED_VARIABLE = YES;
				IPHONEOS_DEPLOYMENT_TARGET = 12.1;
				MTL_ENABLE_DEBUG_INFO = NO;
				MTL_FAST_MATH = YES;
				SDKROOT = iphoneos;
				SWIFT_COMPILATION_MODE = wholemodule;
				SWIFT_OPTIMIZATION_LEVEL = "-O";
				VALIDATE_PRODUCT = YES;
			};
			name = Release;
		};
		85B8DDD822BFBECB001B6379 /* Debug */ = {
			isa = XCBuildConfiguration;
			buildSettings = {
				ASSETCATALOG_COMPILER_APPICON_NAME = AppIcon;
				CODE_SIGN_STYLE = Automatic;
				INFOPLIST_FILE = SecondKadaiApp/Info.plist;
				LD_RUNPATH_SEARCH_PATHS = (
					"$(inherited)",
					"@executable_path/Frameworks",
				);
				PRODUCT_BUNDLE_IDENTIFIER = jp.techacademy.ryo.ogawa.SecondKadaiApp;
				PRODUCT_NAME = "$(TARGET_NAME)";
				SWIFT_VERSION = 4.2;
				TARGETED_DEVICE_FAMILY = "1,2";
			};
			name = Debug;
		};
		85B8DDD922BFBECB001B6379 /* Release */ = {
			isa = XCBuildConfiguration;
			buildSettings = {
				ASSETCATALOG_COMPILER_APPICON_NAME = AppIcon;
				CODE_SIGN_STYLE = Automatic;
				INFOPLIST_FILE = SecondKadaiApp/Info.plist;
				LD_RUNPATH_SEARCH_PATHS = (
					"$(inherited)",
					"@executable_path/Frameworks",
				);
				PRODUCT_BUNDLE_IDENTIFIER = jp.techacademy.ryo.ogawa.SecondKadaiApp;
				PRODUCT_NAME = "$(TARGET_NAME)";
				SWIFT_VERSION = 4.2;
				TARGETED_DEVICE_FAMILY = "1,2";
			};
			name = Release;
		};
/* End XCBuildConfiguration section */

/* Begin XCConfigurationList section */
		85B8DDC022BFBECA001B6379 /* Build configuration list for PBXProject "SecondKadaiApp" */ = {
			isa = XCConfigurationList;
			buildConfigurations = (
				85B8DDD522BFBECB001B6379 /* Debug */,
				85B8DDD622BFBECB001B6379 /* Release */,
			);
			defaultConfigurationIsVisible = 0;
			defaultConfigurationName = Release;
		};
		85B8DDD722BFBECB001B6379 /* Build configuration list for PBXNativeTarget "SecondKadaiApp" */ = {
			isa = XCConfigurationList;
			buildConfigurations = (
				85B8DDD822BFBECB001B6379 /* Debug */,
				85B8DDD922BFBECB001B6379 /* Release */,
			);
			defaultConfigurationIsVisible = 0;
			defaultConfigurationName = Release;
		};
/* End XCConfigurationList section */
	};
	rootObject = 85B8DDBD22BFBECA001B6379 /* Project object */;
}
